
Microsoft Visual Studio Solution File, Format Version 12.00
# Visual Studio Version 17
VisualStudioVersion = 17.0.31903.59
MinimumVisualStudioVersion = 10.0.40219.1
Project("{2150E333-8FDC-42A3-9474-1A3956D46DE8}") = "tests", "tests", "{0AB3BF05-4346-4AA6-1389-037BE0695223}"
EndProject
Project("{FAE04EC0-301F-11D3-BF4B-00C04F79EFBC}") = "Catalog.Service.IntegrationTests", "tests\Catalog.Service.IntegrationTests\Catalog.Service.IntegrationTests.csproj", "{7C275EEE-CC33-4263-83B8-34B5CC8311EE}"
EndProject
Project("{FAE04EC0-301F-11D3-BF4B-00C04F79EFBC}") = "Catalog.Service.UnitTests", "tests\Catalog.Service.UnitTests\Catalog.Service.UnitTests.csproj", "{C5311211-2204-457C-8411-CB142D51D095}"
EndProject
Project("{FAE04EC0-301F-11D3-BF4B-00C04F79EFBC}") = "BuildingBlocks.Application", "src\BuildingBlocks\BuildingBlocks.Application\BuildingBlocks.Application.csproj", "{B2F01E46-A6B1-433E-ADED-2DB8687A7074}"
EndProject
Project("{FAE04EC0-301F-11D3-BF4B-00C04F79EFBC}") = "BuildingBlocks.Api", "src\BuildingBlocks\BuildingBlocks.Api\BuildingBlocks.Api.csproj", "{FB176B8B-9948-4D13-9170-67AC5FCA3FAE}"
EndProject
Project("{FAE04EC0-301F-11D3-BF4B-00C04F79EFBC}") = "Catalog.Service.Domain", "src\CatalogService\Catalog.Service.Domain\Catalog.Service.Domain.csproj", "{D728EA50-3C52-44C0-B6BE-9E1BBCD33C59}"
EndProject
Project("{FAE04EC0-301F-11D3-BF4B-00C04F79EFBC}") = "Catalog.Service.Infrastructure", "src\CatalogService\Catalog.Service.Infrastructure\Catalog.Service.Infrastructure.csproj", "{727CCD75-D854-43F6-93C4-1609B2679A4F}"
EndProject
Project("{FAE04EC0-301F-11D3-BF4B-00C04F79EFBC}") = "Catalog.Service.Application", "src\CatalogService\Catalog.Service.Application\Catalog.Service.Application.csproj", "{A2E088DD-154D-4E6E-B02E-5FC1A0BF3471}"
EndProject
Project("{FAE04EC0-301F-11D3-BF4B-00C04F79EFBC}") = "Catalog.Service.Api", "src\CatalogService\Catalog.Service.Api\Catalog.Service.Api.csproj", "{CC5FECDB-1A2A-41EA-9D60-1520DD64C788}"
EndProject
Project("{2150E333-8FDC-42A3-9474-1A3956D46DE8}") = "src", "src", "{827E0CD3-B72D-47B6-A68D-7590B98EB39B}"
EndProject
Project("{2150E333-8FDC-42A3-9474-1A3956D46DE8}") = "OrderingService", "OrderingService", "{628C42EE-5C1B-3E94-3469-025428B5F5D8}"
EndProject
Project("{FAE04EC0-301F-11D3-BF4B-00C04F79EFBC}") = "Ordering.Service.Domain", "src\OrderingService\Ordering.Service.Domain\Ordering.Service.Domain.csproj", "{38F42DC3-28C0-41E2-9DF1-350A37EB90A1}"
EndProject
Project("{FAE04EC0-301F-11D3-BF4B-00C04F79EFBC}") = "Ordering.Service.Application", "src\OrderingService\Ordering.Service.Application\Ordering.Service.Application.csproj", "{DBC591C4-D609-4FF4-BE84-A22D0D8BCDCF}"
EndProject
Project("{FAE04EC0-301F-11D3-BF4B-00C04F79EFBC}") = "Ordering.Service.Infrastructure", "src\OrderingService\Ordering.Service.Infrastructure\Ordering.Service.Infrastructure.csproj", "{CBF8C517-B90B-4AAF-BA94-E167DDBC669A}"
EndProject
Project("{FAE04EC0-301F-11D3-BF4B-00C04F79EFBC}") = "Ordering.Service.Api", "src\OrderingService\Ordering.Service.Api\Ordering.Service.Api.csproj", "{9DF19CA7-2B52-4F16-BB4D-2D55D7E54DBB}"
EndProject
Project("{FAE04EC0-301F-11D3-BF4B-00C04F79EFBC}") = "Ordering.Service.UnitTests", "tests\Ordering.Service.UnitTests\Ordering.Service.UnitTests.csproj", "{409B8CFF-AFCE-490C-B9DC-A81D6029F219}"
EndProject
Project("{FAE04EC0-301F-11D3-BF4B-00C04F79EFBC}") = "Ordering.Service.IntegrationTests", "tests\Ordering.Service.IntegrationTests\Ordering.Service.IntegrationTests.csproj", "{B2C54CF8-3274-490C-B476-23F237F705C6}"
EndProject
Project("{2150E333-8FDC-42A3-9474-1A3956D46DE8}") = "BuildingBlocks", "BuildingBlocks", "{90298CBA-BD6F-3A0A-69D5-97CAD7B05E7E}"
EndProject
Project("{FAE04EC0-301F-11D3-BF4B-00C04F79EFBC}") = "BuildingBlocks.Contracts", "src\BuildingBlocks\BuildingBlocks.Contracts\BuildingBlocks.Contracts.csproj", "{E309B504-F6DD-4B64-BE89-CE33E1C04CA1}"
EndProject
Project("{2150E333-8FDC-42A3-9474-1A3956D46DE8}") = "BillingService", "BillingService", "{F8E0DD81-9A77-3B92-B7EC-AC253C4CE3B6}"
EndProject
Project("{FAE04EC0-301F-11D3-BF4B-00C04F79EFBC}") = "Billing.Service.Api", "src\BillingService\Billing.Service.Api\Billing.Service.Api.csproj", "{21DE5B70-370D-4EB0-A1F7-77F85A6BF4EE}"
EndProject
Project("{FAE04EC0-301F-11D3-BF4B-00C04F79EFBC}") = "Billing.Service.Application", "src\BillingService\Billing.Service.Application\Billing.Service.Application.csproj", "{0BDB14A8-B0CD-45D3-8CD5-739C5ECF0D4B}"
EndProject
Project("{FAE04EC0-301F-11D3-BF4B-00C04F79EFBC}") = "Billing.Service.Domain", "src\BillingService\Billing.Service.Domain\Billing.Service.Domain.csproj", "{477D4F2F-D488-40DB-86A3-BE4FD2A6B934}"
EndProject
Project("{FAE04EC0-301F-11D3-BF4B-00C04F79EFBC}") = "Billing.Service.Infrastructure", "src\BillingService\Billing.Service.Infrastructure\Billing.Service.Infrastructure.csproj", "{E77B1CAF-EF71-43E2-A430-2FC65728F6D9}"
EndProject
Project("{FAE04EC0-301F-11D3-BF4B-00C04F79EFBC}") = "Billing.Service.UnitTests", "tests\Billing.Service.UnitTests\Billing.Service.UnitTests.csproj", "{12303C2B-965D-44EB-8C8B-E888C899696F}"
EndProject
Project("{FAE04EC0-301F-11D3-BF4B-00C04F79EFBC}") = "Billing.Service.IntegrationTests", "tests\Billing.Service.IntegrationTests\Billing.Service.IntegrationTests.csproj", "{AB064408-E4AE-486C-BFC9-69F6C66320BD}"
EndProject
Project("{FAE04EC0-301F-11D3-BF4B-00C04F79EFBC}") = "ApiGateway", "src\ApiGateway\ApiGateway.csproj", "{5DACFE21-CA43-48AF-B0E2-FA1DB8C659E0}"
EndProject
Project("{2150E333-8FDC-42A3-9474-1A3956D46DE8}") = "IdentityService", "IdentityService", "{F8B90FFE-BB37-8A69-F901-2B9289615797}"
EndProject
Project("{FAE04EC0-301F-11D3-BF4B-00C04F79EFBC}") = "Identity.Service.Api", "src\IdentityService\Identity.Service.Api\Identity.Service.Api.csproj", "{7B4B322E-64B5-40AD-B45D-1113ECC4BD47}"
EndProject
Project("{FAE04EC0-301F-11D3-BF4B-00C04F79EFBC}") = "Identity.Service.Infrastructure", "src\IdentityService\Identity.Service.Infrastructure\Identity.Service.Infrastructure.csproj", "{527A4AFE-1E70-4E50-A08C-741A934588DF}"
EndProject
Global
	GlobalSection(SolutionConfigurationPlatforms) = preSolution
		Debug|Any CPU = Debug|Any CPU
		Debug|x64 = Debug|x64
		Debug|x86 = Debug|x86
		Release|Any CPU = Release|Any CPU
		Release|x64 = Release|x64
		Release|x86 = Release|x86
	EndGlobalSection
	GlobalSection(ProjectConfigurationPlatforms) = postSolution
		{7C275EEE-CC33-4263-83B8-34B5CC8311EE}.Debug|Any CPU.ActiveCfg = Debug|Any CPU
		{7C275EEE-CC33-4263-83B8-34B5CC8311EE}.Debug|Any CPU.Build.0 = Debug|Any CPU
		{7C275EEE-CC33-4263-83B8-34B5CC8311EE}.Debug|x64.ActiveCfg = Debug|Any CPU
		{7C275EEE-CC33-4263-83B8-34B5CC8311EE}.Debug|x64.Build.0 = Debug|Any CPU
		{7C275EEE-CC33-4263-83B8-34B5CC8311EE}.Debug|x86.ActiveCfg = Debug|Any CPU
		{7C275EEE-CC33-4263-83B8-34B5CC8311EE}.Debug|x86.Build.0 = Debug|Any CPU
		{7C275EEE-CC33-4263-83B8-34B5CC8311EE}.Release|Any CPU.ActiveCfg = Release|Any CPU
		{7C275EEE-CC33-4263-83B8-34B5CC8311EE}.Release|Any CPU.Build.0 = Release|Any CPU
		{7C275EEE-CC33-4263-83B8-34B5CC8311EE}.Release|x64.ActiveCfg = Release|Any CPU
		{7C275EEE-CC33-4263-83B8-34B5CC8311EE}.Release|x64.Build.0 = Release|Any CPU
		{7C275EEE-CC33-4263-83B8-34B5CC8311EE}.Release|x86.ActiveCfg = Release|Any CPU
		{7C275EEE-CC33-4263-83B8-34B5CC8311EE}.Release|x86.Build.0 = Release|Any CPU
		{C5311211-2204-457C-8411-CB142D51D095}.Debug|Any CPU.ActiveCfg = Debug|Any CPU
		{C5311211-2204-457C-8411-CB142D51D095}.Debug|Any CPU.Build.0 = Debug|Any CPU
		{C5311211-2204-457C-8411-CB142D51D095}.Debug|x64.ActiveCfg = Debug|Any CPU
		{C5311211-2204-457C-8411-CB142D51D095}.Debug|x64.Build.0 = Debug|Any CPU
		{C5311211-2204-457C-8411-CB142D51D095}.Debug|x86.ActiveCfg = Debug|Any CPU
		{C5311211-2204-457C-8411-CB142D51D095}.Debug|x86.Build.0 = Debug|Any CPU
		{C5311211-2204-457C-8411-CB142D51D095}.Release|Any CPU.ActiveCfg = Release|Any CPU
		{C5311211-2204-457C-8411-CB142D51D095}.Release|Any CPU.Build.0 = Release|Any CPU
		{C5311211-2204-457C-8411-CB142D51D095}.Release|x64.ActiveCfg = Release|Any CPU
		{C5311211-2204-457C-8411-CB142D51D095}.Release|x64.Build.0 = Release|Any CPU
		{C5311211-2204-457C-8411-CB142D51D095}.Release|x86.ActiveCfg = Release|Any CPU
		{C5311211-2204-457C-8411-CB142D51D095}.Release|x86.Build.0 = Release|Any CPU
		{B2F01E46-A6B1-433E-ADED-2DB8687A7074}.Debug|Any CPU.ActiveCfg = Debug|Any CPU
		{B2F01E46-A6B1-433E-ADED-2DB8687A7074}.Debug|Any CPU.Build.0 = Debug|Any CPU
		{B2F01E46-A6B1-433E-ADED-2DB8687A7074}.Debug|x64.ActiveCfg = Debug|Any CPU
		{B2F01E46-A6B1-433E-ADED-2DB8687A7074}.Debug|x64.Build.0 = Debug|Any CPU
		{B2F01E46-A6B1-433E-ADED-2DB8687A7074}.Debug|x86.ActiveCfg = Debug|Any CPU
		{B2F01E46-A6B1-433E-ADED-2DB8687A7074}.Debug|x86.Build.0 = Debug|Any CPU
		{B2F01E46-A6B1-433E-ADED-2DB8687A7074}.Release|Any CPU.ActiveCfg = Release|Any CPU
		{B2F01E46-A6B1-433E-ADED-2DB8687A7074}.Release|Any CPU.Build.0 = Release|Any CPU
		{B2F01E46-A6B1-433E-ADED-2DB8687A7074}.Release|x64.ActiveCfg = Release|Any CPU
		{B2F01E46-A6B1-433E-ADED-2DB8687A7074}.Release|x64.Build.0 = Release|Any CPU
		{B2F01E46-A6B1-433E-ADED-2DB8687A7074}.Release|x86.ActiveCfg = Release|Any CPU
		{B2F01E46-A6B1-433E-ADED-2DB8687A7074}.Release|x86.Build.0 = Release|Any CPU
		{FB176B8B-9948-4D13-9170-67AC5FCA3FAE}.Debug|Any CPU.ActiveCfg = Debug|Any CPU
		{FB176B8B-9948-4D13-9170-67AC5FCA3FAE}.Debug|Any CPU.Build.0 = Debug|Any CPU
		{FB176B8B-9948-4D13-9170-67AC5FCA3FAE}.Debug|x64.ActiveCfg = Debug|Any CPU
		{FB176B8B-9948-4D13-9170-67AC5FCA3FAE}.Debug|x64.Build.0 = Debug|Any CPU
		{FB176B8B-9948-4D13-9170-67AC5FCA3FAE}.Debug|x86.ActiveCfg = Debug|Any CPU
		{FB176B8B-9948-4D13-9170-67AC5FCA3FAE}.Debug|x86.Build.0 = Debug|Any CPU
		{FB176B8B-9948-4D13-9170-67AC5FCA3FAE}.Release|Any CPU.ActiveCfg = Release|Any CPU
		{FB176B8B-9948-4D13-9170-67AC5FCA3FAE}.Release|Any CPU.Build.0 = Release|Any CPU
		{FB176B8B-9948-4D13-9170-67AC5FCA3FAE}.Release|x64.ActiveCfg = Release|Any CPU
		{FB176B8B-9948-4D13-9170-67AC5FCA3FAE}.Release|x64.Build.0 = Release|Any CPU
		{FB176B8B-9948-4D13-9170-67AC5FCA3FAE}.Release|x86.ActiveCfg = Release|Any CPU
		{FB176B8B-9948-4D13-9170-67AC5FCA3FAE}.Release|x86.Build.0 = Release|Any CPU
		{D728EA50-3C52-44C0-B6BE-9E1BBCD33C59}.Debug|Any CPU.ActiveCfg = Debug|Any CPU
		{D728EA50-3C52-44C0-B6BE-9E1BBCD33C59}.Debug|Any CPU.Build.0 = Debug|Any CPU
		{D728EA50-3C52-44C0-B6BE-9E1BBCD33C59}.Debug|x64.ActiveCfg = Debug|Any CPU
		{D728EA50-3C52-44C0-B6BE-9E1BBCD33C59}.Debug|x64.Build.0 = Debug|Any CPU
		{D728EA50-3C52-44C0-B6BE-9E1BBCD33C59}.Debug|x86.ActiveCfg = Debug|Any CPU
		{D728EA50-3C52-44C0-B6BE-9E1BBCD33C59}.Debug|x86.Build.0 = Debug|Any CPU
		{D728EA50-3C52-44C0-B6BE-9E1BBCD33C59}.Release|Any CPU.ActiveCfg = Release|Any CPU
		{D728EA50-3C52-44C0-B6BE-9E1BBCD33C59}.Release|Any CPU.Build.0 = Release|Any CPU
		{D728EA50-3C52-44C0-B6BE-9E1BBCD33C59}.Release|x64.ActiveCfg = Release|Any CPU
		{D728EA50-3C52-44C0-B6BE-9E1BBCD33C59}.Release|x64.Build.0 = Release|Any CPU
		{D728EA50-3C52-44C0-B6BE-9E1BBCD33C59}.Release|x86.ActiveCfg = Release|Any CPU
		{D728EA50-3C52-44C0-B6BE-9E1BBCD33C59}.Release|x86.Build.0 = Release|Any CPU
		{727CCD75-D854-43F6-93C4-1609B2679A4F}.Debug|Any CPU.ActiveCfg = Debug|Any CPU
		{727CCD75-D854-43F6-93C4-1609B2679A4F}.Debug|Any CPU.Build.0 = Debug|Any CPU
		{727CCD75-D854-43F6-93C4-1609B2679A4F}.Debug|x64.ActiveCfg = Debug|Any CPU
		{727CCD75-D854-43F6-93C4-1609B2679A4F}.Debug|x64.Build.0 = Debug|Any CPU
		{727CCD75-D854-43F6-93C4-1609B2679A4F}.Debug|x86.ActiveCfg = Debug|Any CPU
		{727CCD75-D854-43F6-93C4-1609B2679A4F}.Debug|x86.Build.0 = Debug|Any CPU
		{727CCD75-D854-43F6-93C4-1609B2679A4F}.Release|Any CPU.ActiveCfg = Release|Any CPU
		{727CCD75-D854-43F6-93C4-1609B2679A4F}.Release|Any CPU.Build.0 = Release|Any CPU
		{727CCD75-D854-43F6-93C4-1609B2679A4F}.Release|x64.ActiveCfg = Release|Any CPU
		{727CCD75-D854-43F6-93C4-1609B2679A4F}.Release|x64.Build.0 = Release|Any CPU
		{727CCD75-D854-43F6-93C4-1609B2679A4F}.Release|x86.ActiveCfg = Release|Any CPU
		{727CCD75-D854-43F6-93C4-1609B2679A4F}.Release|x86.Build.0 = Release|Any CPU
		{A2E088DD-154D-4E6E-B02E-5FC1A0BF3471}.Debug|Any CPU.ActiveCfg = Debug|Any CPU
		{A2E088DD-154D-4E6E-B02E-5FC1A0BF3471}.Debug|Any CPU.Build.0 = Debug|Any CPU
		{A2E088DD-154D-4E6E-B02E-5FC1A0BF3471}.Debug|x64.ActiveCfg = Debug|Any CPU
		{A2E088DD-154D-4E6E-B02E-5FC1A0BF3471}.Debug|x64.Build.0 = Debug|Any CPU
		{A2E088DD-154D-4E6E-B02E-5FC1A0BF3471}.Debug|x86.ActiveCfg = Debug|Any CPU
		{A2E088DD-154D-4E6E-B02E-5FC1A0BF3471}.Debug|x86.Build.0 = Debug|Any CPU
		{A2E088DD-154D-4E6E-B02E-5FC1A0BF3471}.Release|Any CPU.ActiveCfg = Release|Any CPU
		{A2E088DD-154D-4E6E-B02E-5FC1A0BF3471}.Release|Any CPU.Build.0 = Release|Any CPU
		{A2E088DD-154D-4E6E-B02E-5FC1A0BF3471}.Release|x64.ActiveCfg = Release|Any CPU
		{A2E088DD-154D-4E6E-B02E-5FC1A0BF3471}.Release|x64.Build.0 = Release|Any CPU
		{A2E088DD-154D-4E6E-B02E-5FC1A0BF3471}.Release|x86.ActiveCfg = Release|Any CPU
		{A2E088DD-154D-4E6E-B02E-5FC1A0BF3471}.Release|x86.Build.0 = Release|Any CPU
		{CC5FECDB-1A2A-41EA-9D60-1520DD64C788}.Debug|Any CPU.ActiveCfg = Debug|Any CPU
		{CC5FECDB-1A2A-41EA-9D60-1520DD64C788}.Debug|Any CPU.Build.0 = Debug|Any CPU
		{CC5FECDB-1A2A-41EA-9D60-1520DD64C788}.Debug|x64.ActiveCfg = Debug|Any CPU
		{CC5FECDB-1A2A-41EA-9D60-1520DD64C788}.Debug|x64.Build.0 = Debug|Any CPU
		{CC5FECDB-1A2A-41EA-9D60-1520DD64C788}.Debug|x86.ActiveCfg = Debug|Any CPU
		{CC5FECDB-1A2A-41EA-9D60-1520DD64C788}.Debug|x86.Build.0 = Debug|Any CPU
		{CC5FECDB-1A2A-41EA-9D60-1520DD64C788}.Release|Any CPU.ActiveCfg = Release|Any CPU
		{CC5FECDB-1A2A-41EA-9D60-1520DD64C788}.Release|Any CPU.Build.0 = Release|Any CPU
		{CC5FECDB-1A2A-41EA-9D60-1520DD64C788}.Release|x64.ActiveCfg = Release|Any CPU
		{CC5FECDB-1A2A-41EA-9D60-1520DD64C788}.Release|x64.Build.0 = Release|Any CPU
		{CC5FECDB-1A2A-41EA-9D60-1520DD64C788}.Release|x86.ActiveCfg = Release|Any CPU
		{CC5FECDB-1A2A-41EA-9D60-1520DD64C788}.Release|x86.Build.0 = Release|Any CPU
		{38F42DC3-28C0-41E2-9DF1-350A37EB90A1}.Debug|Any CPU.ActiveCfg = Debug|Any CPU
		{38F42DC3-28C0-41E2-9DF1-350A37EB90A1}.Debug|Any CPU.Build.0 = Debug|Any CPU
		{38F42DC3-28C0-41E2-9DF1-350A37EB90A1}.Debug|x64.ActiveCfg = Debug|Any CPU
		{38F42DC3-28C0-41E2-9DF1-350A37EB90A1}.Debug|x64.Build.0 = Debug|Any CPU
		{38F42DC3-28C0-41E2-9DF1-350A37EB90A1}.Debug|x86.ActiveCfg = Debug|Any CPU
		{38F42DC3-28C0-41E2-9DF1-350A37EB90A1}.Debug|x86.Build.0 = Debug|Any CPU
		{38F42DC3-28C0-41E2-9DF1-350A37EB90A1}.Release|Any CPU.ActiveCfg = Release|Any CPU
		{38F42DC3-28C0-41E2-9DF1-350A37EB90A1}.Release|Any CPU.Build.0 = Release|Any CPU
		{38F42DC3-28C0-41E2-9DF1-350A37EB90A1}.Release|x64.ActiveCfg = Release|Any CPU
		{38F42DC3-28C0-41E2-9DF1-350A37EB90A1}.Release|x64.Build.0 = Release|Any CPU
		{38F42DC3-28C0-41E2-9DF1-350A37EB90A1}.Release|x86.ActiveCfg = Release|Any CPU
		{38F42DC3-28C0-41E2-9DF1-350A37EB90A1}.Release|x86.Build.0 = Release|Any CPU
		{DBC591C4-D609-4FF4-BE84-A22D0D8BCDCF}.Debug|Any CPU.ActiveCfg = Debug|Any CPU
		{DBC591C4-D609-4FF4-BE84-A22D0D8BCDCF}.Debug|Any CPU.Build.0 = Debug|Any CPU
		{DBC591C4-D609-4FF4-BE84-A22D0D8BCDCF}.Debug|x64.ActiveCfg = Debug|Any CPU
		{DBC591C4-D609-4FF4-BE84-A22D0D8BCDCF}.Debug|x64.Build.0 = Debug|Any CPU
		{DBC591C4-D609-4FF4-BE84-A22D0D8BCDCF}.Debug|x86.ActiveCfg = Debug|Any CPU
		{DBC591C4-D609-4FF4-BE84-A22D0D8BCDCF}.Debug|x86.Build.0 = Debug|Any CPU
		{DBC591C4-D609-4FF4-BE84-A22D0D8BCDCF}.Release|Any CPU.ActiveCfg = Release|Any CPU
		{DBC591C4-D609-4FF4-BE84-A22D0D8BCDCF}.Release|Any CPU.Build.0 = Release|Any CPU
		{DBC591C4-D609-4FF4-BE84-A22D0D8BCDCF}.Release|x64.ActiveCfg = Release|Any CPU
		{DBC591C4-D609-4FF4-BE84-A22D0D8BCDCF}.Release|x64.Build.0 = Release|Any CPU
		{DBC591C4-D609-4FF4-BE84-A22D0D8BCDCF}.Release|x86.ActiveCfg = Release|Any CPU
		{DBC591C4-D609-4FF4-BE84-A22D0D8BCDCF}.Release|x86.Build.0 = Release|Any CPU
		{CBF8C517-B90B-4AAF-BA94-E167DDBC669A}.Debug|Any CPU.ActiveCfg = Debug|Any CPU
		{CBF8C517-B90B-4AAF-BA94-E167DDBC669A}.Debug|Any CPU.Build.0 = Debug|Any CPU
		{CBF8C517-B90B-4AAF-BA94-E167DDBC669A}.Debug|x64.ActiveCfg = Debug|Any CPU
		{CBF8C517-B90B-4AAF-BA94-E167DDBC669A}.Debug|x64.Build.0 = Debug|Any CPU
		{CBF8C517-B90B-4AAF-BA94-E167DDBC669A}.Debug|x86.ActiveCfg = Debug|Any CPU
		{CBF8C517-B90B-4AAF-BA94-E167DDBC669A}.Debug|x86.Build.0 = Debug|Any CPU
		{CBF8C517-B90B-4AAF-BA94-E167DDBC669A}.Release|Any CPU.ActiveCfg = Release|Any CPU
		{CBF8C517-B90B-4AAF-BA94-E167DDBC669A}.Release|Any CPU.Build.0 = Release|Any CPU
		{CBF8C517-B90B-4AAF-BA94-E167DDBC669A}.Release|x64.ActiveCfg = Release|Any CPU
		{CBF8C517-B90B-4AAF-BA94-E167DDBC669A}.Release|x64.Build.0 = Release|Any CPU
		{CBF8C517-B90B-4AAF-BA94-E167DDBC669A}.Release|x86.ActiveCfg = Release|Any CPU
		{CBF8C517-B90B-4AAF-BA94-E167DDBC669A}.Release|x86.Build.0 = Release|Any CPU
		{9DF19CA7-2B52-4F16-BB4D-2D55D7E54DBB}.Debug|Any CPU.ActiveCfg = Debug|Any CPU
		{9DF19CA7-2B52-4F16-BB4D-2D55D7E54DBB}.Debug|Any CPU.Build.0 = Debug|Any CPU
		{9DF19CA7-2B52-4F16-BB4D-2D55D7E54DBB}.Debug|x64.ActiveCfg = Debug|Any CPU
		{9DF19CA7-2B52-4F16-BB4D-2D55D7E54DBB}.Debug|x64.Build.0 = Debug|Any CPU
		{9DF19CA7-2B52-4F16-BB4D-2D55D7E54DBB}.Debug|x86.ActiveCfg = Debug|Any CPU
		{9DF19CA7-2B52-4F16-BB4D-2D55D7E54DBB}.Debug|x86.Build.0 = Debug|Any CPU
		{9DF19CA7-2B52-4F16-BB4D-2D55D7E54DBB}.Release|Any CPU.ActiveCfg = Release|Any CPU
		{9DF19CA7-2B52-4F16-BB4D-2D55D7E54DBB}.Release|Any CPU.Build.0 = Release|Any CPU
		{9DF19CA7-2B52-4F16-BB4D-2D55D7E54DBB}.Release|x64.ActiveCfg = Release|Any CPU
		{9DF19CA7-2B52-4F16-BB4D-2D55D7E54DBB}.Release|x64.Build.0 = Release|Any CPU
		{9DF19CA7-2B52-4F16-BB4D-2D55D7E54DBB}.Release|x86.ActiveCfg = Release|Any CPU
		{9DF19CA7-2B52-4F16-BB4D-2D55D7E54DBB}.Release|x86.Build.0 = Release|Any CPU
		{409B8CFF-AFCE-490C-B9DC-A81D6029F219}.Debug|Any CPU.ActiveCfg = Debug|Any CPU
		{409B8CFF-AFCE-490C-B9DC-A81D6029F219}.Debug|Any CPU.Build.0 = Debug|Any CPU
		{409B8CFF-AFCE-490C-B9DC-A81D6029F219}.Debug|x64.ActiveCfg = Debug|Any CPU
		{409B8CFF-AFCE-490C-B9DC-A81D6029F219}.Debug|x64.Build.0 = Debug|Any CPU
		{409B8CFF-AFCE-490C-B9DC-A81D6029F219}.Debug|x86.ActiveCfg = Debug|Any CPU
		{409B8CFF-AFCE-490C-B9DC-A81D6029F219}.Debug|x86.Build.0 = Debug|Any CPU
		{409B8CFF-AFCE-490C-B9DC-A81D6029F219}.Release|Any CPU.ActiveCfg = Release|Any CPU
		{409B8CFF-AFCE-490C-B9DC-A81D6029F219}.Release|Any CPU.Build.0 = Release|Any CPU
		{409B8CFF-AFCE-490C-B9DC-A81D6029F219}.Release|x64.ActiveCfg = Release|Any CPU
		{409B8CFF-AFCE-490C-B9DC-A81D6029F219}.Release|x64.Build.0 = Release|Any CPU
		{409B8CFF-AFCE-490C-B9DC-A81D6029F219}.Release|x86.ActiveCfg = Release|Any CPU
		{409B8CFF-AFCE-490C-B9DC-A81D6029F219}.Release|x86.Build.0 = Release|Any CPU
		{B2C54CF8-3274-490C-B476-23F237F705C6}.Debug|Any CPU.ActiveCfg = Debug|Any CPU
		{B2C54CF8-3274-490C-B476-23F237F705C6}.Debug|Any CPU.Build.0 = Debug|Any CPU
		{B2C54CF8-3274-490C-B476-23F237F705C6}.Debug|x64.ActiveCfg = Debug|Any CPU
		{B2C54CF8-3274-490C-B476-23F237F705C6}.Debug|x64.Build.0 = Debug|Any CPU
		{B2C54CF8-3274-490C-B476-23F237F705C6}.Debug|x86.ActiveCfg = Debug|Any CPU
		{B2C54CF8-3274-490C-B476-23F237F705C6}.Debug|x86.Build.0 = Debug|Any CPU
		{B2C54CF8-3274-490C-B476-23F237F705C6}.Release|Any CPU.ActiveCfg = Release|Any CPU
		{B2C54CF8-3274-490C-B476-23F237F705C6}.Release|Any CPU.Build.0 = Release|Any CPU
		{B2C54CF8-3274-490C-B476-23F237F705C6}.Release|x64.ActiveCfg = Release|Any CPU
		{B2C54CF8-3274-490C-B476-23F237F705C6}.Release|x64.Build.0 = Release|Any CPU
		{B2C54CF8-3274-490C-B476-23F237F705C6}.Release|x86.ActiveCfg = Release|Any CPU
		{B2C54CF8-3274-490C-B476-23F237F705C6}.Release|x86.Build.0 = Release|Any CPU
		{E309B504-F6DD-4B64-BE89-CE33E1C04CA1}.Debug|Any CPU.ActiveCfg = Debug|Any CPU
		{E309B504-F6DD-4B64-BE89-CE33E1C04CA1}.Debug|Any CPU.Build.0 = Debug|Any CPU
		{E309B504-F6DD-4B64-BE89-CE33E1C04CA1}.Debug|x64.ActiveCfg = Debug|Any CPU
		{E309B504-F6DD-4B64-BE89-CE33E1C04CA1}.Debug|x64.Build.0 = Debug|Any CPU
		{E309B504-F6DD-4B64-BE89-CE33E1C04CA1}.Debug|x86.ActiveCfg = Debug|Any CPU
		{E309B504-F6DD-4B64-BE89-CE33E1C04CA1}.Debug|x86.Build.0 = Debug|Any CPU
		{E309B504-F6DD-4B64-BE89-CE33E1C04CA1}.Release|Any CPU.ActiveCfg = Release|Any CPU
		{E309B504-F6DD-4B64-BE89-CE33E1C04CA1}.Release|Any CPU.Build.0 = Release|Any CPU
		{E309B504-F6DD-4B64-BE89-CE33E1C04CA1}.Release|x64.ActiveCfg = Release|Any CPU
		{E309B504-F6DD-4B64-BE89-CE33E1C04CA1}.Release|x64.Build.0 = Release|Any CPU
		{E309B504-F6DD-4B64-BE89-CE33E1C04CA1}.Release|x86.ActiveCfg = Release|Any CPU
		{E309B504-F6DD-4B64-BE89-CE33E1C04CA1}.Release|x86.Build.0 = Release|Any CPU
		{21DE5B70-370D-4EB0-A1F7-77F85A6BF4EE}.Debug|Any CPU.ActiveCfg = Debug|Any CPU
		{21DE5B70-370D-4EB0-A1F7-77F85A6BF4EE}.Debug|Any CPU.Build.0 = Debug|Any CPU
		{21DE5B70-370D-4EB0-A1F7-77F85A6BF4EE}.Debug|x64.ActiveCfg = Debug|Any CPU
		{21DE5B70-370D-4EB0-A1F7-77F85A6BF4EE}.Debug|x64.Build.0 = Debug|Any CPU
		{21DE5B70-370D-4EB0-A1F7-77F85A6BF4EE}.Debug|x86.ActiveCfg = Debug|Any CPU
		{21DE5B70-370D-4EB0-A1F7-77F85A6BF4EE}.Debug|x86.Build.0 = Debug|Any CPU
		{21DE5B70-370D-4EB0-A1F7-77F85A6BF4EE}.Release|Any CPU.ActiveCfg = Release|Any CPU
		{21DE5B70-370D-4EB0-A1F7-77F85A6BF4EE}.Release|Any CPU.Build.0 = Release|Any CPU
		{21DE5B70-370D-4EB0-A1F7-77F85A6BF4EE}.Release|x64.ActiveCfg = Release|Any CPU
		{21DE5B70-370D-4EB0-A1F7-77F85A6BF4EE}.Release|x64.Build.0 = Release|Any CPU
		{21DE5B70-370D-4EB0-A1F7-77F85A6BF4EE}.Release|x86.ActiveCfg = Release|Any CPU
		{21DE5B70-370D-4EB0-A1F7-77F85A6BF4EE}.Release|x86.Build.0 = Release|Any CPU
		{0BDB14A8-B0CD-45D3-8CD5-739C5ECF0D4B}.Debug|Any CPU.ActiveCfg = Debug|Any CPU
		{0BDB14A8-B0CD-45D3-8CD5-739C5ECF0D4B}.Debug|Any CPU.Build.0 = Debug|Any CPU
		{0BDB14A8-B0CD-45D3-8CD5-739C5ECF0D4B}.Debug|x64.ActiveCfg = Debug|Any CPU
		{0BDB14A8-B0CD-45D3-8CD5-739C5ECF0D4B}.Debug|x64.Build.0 = Debug|Any CPU
		{0BDB14A8-B0CD-45D3-8CD5-739C5ECF0D4B}.Debug|x86.ActiveCfg = Debug|Any CPU
		{0BDB14A8-B0CD-45D3-8CD5-739C5ECF0D4B}.Debug|x86.Build.0 = Debug|Any CPU
		{0BDB14A8-B0CD-45D3-8CD5-739C5ECF0D4B}.Release|Any CPU.ActiveCfg = Release|Any CPU
		{0BDB14A8-B0CD-45D3-8CD5-739C5ECF0D4B}.Release|Any CPU.Build.0 = Release|Any CPU
		{0BDB14A8-B0CD-45D3-8CD5-739C5ECF0D4B}.Release|x64.ActiveCfg = Release|Any CPU
		{0BDB14A8-B0CD-45D3-8CD5-739C5ECF0D4B}.Release|x64.Build.0 = Release|Any CPU
		{0BDB14A8-B0CD-45D3-8CD5-739C5ECF0D4B}.Release|x86.ActiveCfg = Release|Any CPU
		{0BDB14A8-B0CD-45D3-8CD5-739C5ECF0D4B}.Release|x86.Build.0 = Release|Any CPU
		{477D4F2F-D488-40DB-86A3-BE4FD2A6B934}.Debug|Any CPU.ActiveCfg = Debug|Any CPU
		{477D4F2F-D488-40DB-86A3-BE4FD2A6B934}.Debug|Any CPU.Build.0 = Debug|Any CPU
		{477D4F2F-D488-40DB-86A3-BE4FD2A6B934}.Debug|x64.ActiveCfg = Debug|Any CPU
		{477D4F2F-D488-40DB-86A3-BE4FD2A6B934}.Debug|x64.Build.0 = Debug|Any CPU
		{477D4F2F-D488-40DB-86A3-BE4FD2A6B934}.Debug|x86.ActiveCfg = Debug|Any CPU
		{477D4F2F-D488-40DB-86A3-BE4FD2A6B934}.Debug|x86.Build.0 = Debug|Any CPU
		{477D4F2F-D488-40DB-86A3-BE4FD2A6B934}.Release|Any CPU.ActiveCfg = Release|Any CPU
		{477D4F2F-D488-40DB-86A3-BE4FD2A6B934}.Release|Any CPU.Build.0 = Release|Any CPU
		{477D4F2F-D488-40DB-86A3-BE4FD2A6B934}.Release|x64.ActiveCfg = Release|Any CPU
		{477D4F2F-D488-40DB-86A3-BE4FD2A6B934}.Release|x64.Build.0 = Release|Any CPU
		{477D4F2F-D488-40DB-86A3-BE4FD2A6B934}.Release|x86.ActiveCfg = Release|Any CPU
		{477D4F2F-D488-40DB-86A3-BE4FD2A6B934}.Release|x86.Build.0 = Release|Any CPU
		{E77B1CAF-EF71-43E2-A430-2FC65728F6D9}.Debug|Any CPU.ActiveCfg = Debug|Any CPU
		{E77B1CAF-EF71-43E2-A430-2FC65728F6D9}.Debug|Any CPU.Build.0 = Debug|Any CPU
		{E77B1CAF-EF71-43E2-A430-2FC65728F6D9}.Debug|x64.ActiveCfg = Debug|Any CPU
		{E77B1CAF-EF71-43E2-A430-2FC65728F6D9}.Debug|x64.Build.0 = Debug|Any CPU
		{E77B1CAF-EF71-43E2-A430-2FC65728F6D9}.Debug|x86.ActiveCfg = Debug|Any CPU
		{E77B1CAF-EF71-43E2-A430-2FC65728F6D9}.Debug|x86.Build.0 = Debug|Any CPU
		{E77B1CAF-EF71-43E2-A430-2FC65728F6D9}.Release|Any CPU.ActiveCfg = Release|Any CPU
		{E77B1CAF-EF71-43E2-A430-2FC65728F6D9}.Release|Any CPU.Build.0 = Release|Any CPU
		{E77B1CAF-EF71-43E2-A430-2FC65728F6D9}.Release|x64.ActiveCfg = Release|Any CPU
		{E77B1CAF-EF71-43E2-A430-2FC65728F6D9}.Release|x64.Build.0 = Release|Any CPU
		{E77B1CAF-EF71-43E2-A430-2FC65728F6D9}.Release|x86.ActiveCfg = Release|Any CPU
		{E77B1CAF-EF71-43E2-A430-2FC65728F6D9}.Release|x86.Build.0 = Release|Any CPU
		{12303C2B-965D-44EB-8C8B-E888C899696F}.Debug|Any CPU.ActiveCfg = Debug|Any CPU
		{12303C2B-965D-44EB-8C8B-E888C899696F}.Debug|Any CPU.Build.0 = Debug|Any CPU
		{12303C2B-965D-44EB-8C8B-E888C899696F}.Debug|x64.ActiveCfg = Debug|Any CPU
		{12303C2B-965D-44EB-8C8B-E888C899696F}.Debug|x64.Build.0 = Debug|Any CPU
		{12303C2B-965D-44EB-8C8B-E888C899696F}.Debug|x86.ActiveCfg = Debug|Any CPU
		{12303C2B-965D-44EB-8C8B-E888C899696F}.Debug|x86.Build.0 = Debug|Any CPU
		{12303C2B-965D-44EB-8C8B-E888C899696F}.Release|Any CPU.ActiveCfg = Release|Any CPU
		{12303C2B-965D-44EB-8C8B-E888C899696F}.Release|Any CPU.Build.0 = Release|Any CPU
		{12303C2B-965D-44EB-8C8B-E888C899696F}.Release|x64.ActiveCfg = Release|Any CPU
		{12303C2B-965D-44EB-8C8B-E888C899696F}.Release|x64.Build.0 = Release|Any CPU
		{12303C2B-965D-44EB-8C8B-E888C899696F}.Release|x86.ActiveCfg = Release|Any CPU
		{12303C2B-965D-44EB-8C8B-E888C899696F}.Release|x86.Build.0 = Release|Any CPU
		{AB064408-E4AE-486C-BFC9-69F6C66320BD}.Debug|Any CPU.ActiveCfg = Debug|Any CPU
		{AB064408-E4AE-486C-BFC9-69F6C66320BD}.Debug|Any CPU.Build.0 = Debug|Any CPU
		{AB064408-E4AE-486C-BFC9-69F6C66320BD}.Debug|x64.ActiveCfg = Debug|Any CPU
		{AB064408-E4AE-486C-BFC9-69F6C66320BD}.Debug|x64.Build.0 = Debug|Any CPU
		{AB064408-E4AE-486C-BFC9-69F6C66320BD}.Debug|x86.ActiveCfg = Debug|Any CPU
		{AB064408-E4AE-486C-BFC9-69F6C66320BD}.Debug|x86.Build.0 = Debug|Any CPU
		{AB064408-E4AE-486C-BFC9-69F6C66320BD}.Release|Any CPU.ActiveCfg = Release|Any CPU
		{AB064408-E4AE-486C-BFC9-69F6C66320BD}.Release|Any CPU.Build.0 = Release|Any CPU
		{AB064408-E4AE-486C-BFC9-69F6C66320BD}.Release|x64.ActiveCfg = Release|Any CPU
		{AB064408-E4AE-486C-BFC9-69F6C66320BD}.Release|x64.Build.0 = Release|Any CPU
		{AB064408-E4AE-486C-BFC9-69F6C66320BD}.Release|x86.ActiveCfg = Release|Any CPU
		{AB064408-E4AE-486C-BFC9-69F6C66320BD}.Release|x86.Build.0 = Release|Any CPU
		{5DACFE21-CA43-48AF-B0E2-FA1DB8C659E0}.Debug|Any CPU.ActiveCfg = Debug|Any CPU
		{5DACFE21-CA43-48AF-B0E2-FA1DB8C659E0}.Debug|Any CPU.Build.0 = Debug|Any CPU
		{5DACFE21-CA43-48AF-B0E2-FA1DB8C659E0}.Debug|x64.ActiveCfg = Debug|Any CPU
		{5DACFE21-CA43-48AF-B0E2-FA1DB8C659E0}.Debug|x64.Build.0 = Debug|Any CPU
		{5DACFE21-CA43-48AF-B0E2-FA1DB8C659E0}.Debug|x86.ActiveCfg = Debug|Any CPU
		{5DACFE21-CA43-48AF-B0E2-FA1DB8C659E0}.Debug|x86.Build.0 = Debug|Any CPU
		{5DACFE21-CA43-48AF-B0E2-FA1DB8C659E0}.Release|Any CPU.ActiveCfg = Release|Any CPU
		{5DACFE21-CA43-48AF-B0E2-FA1DB8C659E0}.Release|Any CPU.Build.0 = Release|Any CPU
		{5DACFE21-CA43-48AF-B0E2-FA1DB8C659E0}.Release|x64.ActiveCfg = Release|Any CPU
		{5DACFE21-CA43-48AF-B0E2-FA1DB8C659E0}.Release|x64.Build.0 = Release|Any CPU
		{5DACFE21-CA43-48AF-B0E2-FA1DB8C659E0}.Release|x86.ActiveCfg = Release|Any CPU
		{5DACFE21-CA43-48AF-B0E2-FA1DB8C659E0}.Release|x86.Build.0 = Release|Any CPU
		{7B4B322E-64B5-40AD-B45D-1113ECC4BD47}.Debug|Any CPU.ActiveCfg = Debug|Any CPU
		{7B4B322E-64B5-40AD-B45D-1113ECC4BD47}.Debug|Any CPU.Build.0 = Debug|Any CPU
		{7B4B322E-64B5-40AD-B45D-1113ECC4BD47}.Debug|x64.ActiveCfg = Debug|Any CPU
		{7B4B322E-64B5-40AD-B45D-1113ECC4BD47}.Debug|x64.Build.0 = Debug|Any CPU
		{7B4B322E-64B5-40AD-B45D-1113ECC4BD47}.Debug|x86.ActiveCfg = Debug|Any CPU
		{7B4B322E-64B5-40AD-B45D-1113ECC4BD47}.Debug|x86.Build.0 = Debug|Any CPU
		{7B4B322E-64B5-40AD-B45D-1113ECC4BD47}.Release|Any CPU.ActiveCfg = Release|Any CPU
		{7B4B322E-64B5-40AD-B45D-1113ECC4BD47}.Release|Any CPU.Build.0 = Release|Any CPU
		{7B4B322E-64B5-40AD-B45D-1113ECC4BD47}.Release|x64.ActiveCfg = Release|Any CPU
		{7B4B322E-64B5-40AD-B45D-1113ECC4BD47}.Release|x64.Build.0 = Release|Any CPU
		{7B4B322E-64B5-40AD-B45D-1113ECC4BD47}.Release|x86.ActiveCfg = Release|Any CPU
		{7B4B322E-64B5-40AD-B45D-1113ECC4BD47}.Release|x86.Build.0 = Release|Any CPU
		{527A4AFE-1E70-4E50-A08C-741A934588DF}.Debug|Any CPU.ActiveCfg = Debug|Any CPU
		{527A4AFE-1E70-4E50-A08C-741A934588DF}.Debug|Any CPU.Build.0 = Debug|Any CPU
		{527A4AFE-1E70-4E50-A08C-741A934588DF}.Debug|x64.ActiveCfg = Debug|Any CPU
		{527A4AFE-1E70-4E50-A08C-741A934588DF}.Debug|x64.Build.0 = Debug|Any CPU
		{527A4AFE-1E70-4E50-A08C-741A934588DF}.Debug|x86.ActiveCfg = Debug|Any CPU
		{527A4AFE-1E70-4E50-A08C-741A934588DF}.Debug|x86.Build.0 = Debug|Any CPU
		{527A4AFE-1E70-4E50-A08C-741A934588DF}.Release|Any CPU.ActiveCfg = Release|Any CPU
		{527A4AFE-1E70-4E50-A08C-741A934588DF}.Release|Any CPU.Build.0 = Release|Any CPU
		{527A4AFE-1E70-4E50-A08C-741A934588DF}.Release|x64.ActiveCfg = Release|Any CPU
		{527A4AFE-1E70-4E50-A08C-741A934588DF}.Release|x64.Build.0 = Release|Any CPU
		{527A4AFE-1E70-4E50-A08C-741A934588DF}.Release|x86.ActiveCfg = Release|Any CPU
		{527A4AFE-1E70-4E50-A08C-741A934588DF}.Release|x86.Build.0 = Release|Any CPU
	EndGlobalSection
	GlobalSection(SolutionProperties) = preSolution
		HideSolutionNode = FALSE
	EndGlobalSection
	GlobalSection(NestedProjects) = preSolution
		{7C275EEE-CC33-4263-83B8-34B5CC8311EE} = {0AB3BF05-4346-4AA6-1389-037BE0695223}
		{C5311211-2204-457C-8411-CB142D51D095} = {0AB3BF05-4346-4AA6-1389-037BE0695223}
		{B2F01E46-A6B1-433E-ADED-2DB8687A7074} = {0AB3BF05-4346-4AA6-1389-037BE0695223}
		{FB176B8B-9948-4D13-9170-67AC5FCA3FAE} = {0AB3BF05-4346-4AA6-1389-037BE0695223}
		{D728EA50-3C52-44C0-B6BE-9E1BBCD33C59} = {0AB3BF05-4346-4AA6-1389-037BE0695223}
		{727CCD75-D854-43F6-93C4-1609B2679A4F} = {0AB3BF05-4346-4AA6-1389-037BE0695223}
		{A2E088DD-154D-4E6E-B02E-5FC1A0BF3471} = {0AB3BF05-4346-4AA6-1389-037BE0695223}
		{CC5FECDB-1A2A-41EA-9D60-1520DD64C788} = {0AB3BF05-4346-4AA6-1389-037BE0695223}
		{628C42EE-5C1B-3E94-3469-025428B5F5D8} = {827E0CD3-B72D-47B6-A68D-7590B98EB39B}
		{38F42DC3-28C0-41E2-9DF1-350A37EB90A1} = {628C42EE-5C1B-3E94-3469-025428B5F5D8}
		{DBC591C4-D609-4FF4-BE84-A22D0D8BCDCF} = {628C42EE-5C1B-3E94-3469-025428B5F5D8}
		{CBF8C517-B90B-4AAF-BA94-E167DDBC669A} = {628C42EE-5C1B-3E94-3469-025428B5F5D8}
		{9DF19CA7-2B52-4F16-BB4D-2D55D7E54DBB} = {628C42EE-5C1B-3E94-3469-025428B5F5D8}
		{409B8CFF-AFCE-490C-B9DC-A81D6029F219} = {0AB3BF05-4346-4AA6-1389-037BE0695223}
		{B2C54CF8-3274-490C-B476-23F237F705C6} = {0AB3BF05-4346-4AA6-1389-037BE0695223}
		{90298CBA-BD6F-3A0A-69D5-97CAD7B05E7E} = {827E0CD3-B72D-47B6-A68D-7590B98EB39B}
		{E309B504-F6DD-4B64-BE89-CE33E1C04CA1} = {90298CBA-BD6F-3A0A-69D5-97CAD7B05E7E}
		{F8E0DD81-9A77-3B92-B7EC-AC253C4CE3B6} = {827E0CD3-B72D-47B6-A68D-7590B98EB39B}
		{21DE5B70-370D-4EB0-A1F7-77F85A6BF4EE} = {F8E0DD81-9A77-3B92-B7EC-AC253C4CE3B6}
		{0BDB14A8-B0CD-45D3-8CD5-739C5ECF0D4B} = {F8E0DD81-9A77-3B92-B7EC-AC253C4CE3B6}
		{477D4F2F-D488-40DB-86A3-BE4FD2A6B934} = {F8E0DD81-9A77-3B92-B7EC-AC253C4CE3B6}
		{E77B1CAF-EF71-43E2-A430-2FC65728F6D9} = {F8E0DD81-9A77-3B92-B7EC-AC253C4CE3B6}
		{12303C2B-965D-44EB-8C8B-E888C899696F} = {0AB3BF05-4346-4AA6-1389-037BE0695223}
		{AB064408-E4AE-486C-BFC9-69F6C66320BD} = {0AB3BF05-4346-4AA6-1389-037BE0695223}
		{5DACFE21-CA43-48AF-B0E2-FA1DB8C659E0} = {827E0CD3-B72D-47B6-A68D-7590B98EB39B}
		{F8B90FFE-BB37-8A69-F901-2B9289615797} = {827E0CD3-B72D-47B6-A68D-7590B98EB39B}
		{7B4B322E-64B5-40AD-B45D-1113ECC4BD47} = {F8B90FFE-BB37-8A69-F901-2B9289615797}
		{527A4AFE-1E70-4E50-A08C-741A934588DF} = {F8B90FFE-BB37-8A69-F901-2B9289615797}
	EndGlobalSection
EndGlobal
